
Microsoft Visual Studio Solution File, Format Version 12.00
# Visual Studio 15
VisualStudioVersion = 15.0.28307.329
MinimumVisualStudioVersion = 10.0.40219.1
Project("{FAE04EC0-301F-11D3-BF4B-00C04F79EFBC}") = "Forum3", "Forum3\Forum3.csproj", "{5CCDC56F-AF72-4AC0-961C-81F5FA95B375}"
EndProject
Global
	GlobalSection(SolutionConfigurationPlatforms) = preSolution
		Debug|Any CPU = Debug|Any CPU
		Release|Any CPU = Release|Any CPU
	EndGlobalSection
	GlobalSection(ProjectConfigurationPlatforms) = postSolution
		{5CCDC56F-AF72-4AC0-961C-81F5FA95B375}.Debug|Any CPU.ActiveCfg = Debug|Any CPU
		{5CCDC56F-AF72-4AC0-961C-81F5FA95B375}.Debug|Any CPU.Build.0 = Debug|Any CPU
		{5CCDC56F-AF72-4AC0-961C-81F5FA95B375}.Release|Any CPU.ActiveCfg = Release|Any CPU
		{5CCDC56F-AF72-4AC0-961C-81F5FA95B375}.Release|Any CPU.Build.0 = Release|Any CPU
	EndGlobalSection
	GlobalSection(SolutionProperties) = preSolution
		HideSolutionNode = FALSE
	EndGlobalSection
	GlobalSection(ExtensibilityGlobals) = postSolution
		SolutionGuid = {C4375BBB-50E4-452A-A8D0-EE67D826EFC9}
	EndGlobalSection
EndGlobal
